// !$*UTF8*$!
{
	archiveVersion = 1;
	classes = {
	};
	objectVersion = 48;
	objects = {

/* Begin PBXBuildFile section */
		452DBD3F1FCCF44E00F11263 /* AppDelegate.swift in Sources */ = {isa = PBXBuildFile; fileRef = 452DBD3E1FCCF44E00F11263 /* AppDelegate.swift */; };
		452DBD411FCCF44E00F11263 /* ViewController.swift in Sources */ = {isa = PBXBuildFile; fileRef = 452DBD401FCCF44E00F11263 /* ViewController.swift */; };
		452DBD441FCCF44E00F11263 /* Main.storyboard in Resources */ = {isa = PBXBuildFile; fileRef = 452DBD421FCCF44E00F11263 /* Main.storyboard */; };
		452DBD461FCCF44E00F11263 /* Assets.xcassets in Resources */ = {isa = PBXBuildFile; fileRef = 452DBD451FCCF44E00F11263 /* Assets.xcassets */; };
		452DBD491FCCF44E00F11263 /* LaunchScreen.storyboard in Resources */ = {isa = PBXBuildFile; fileRef = 452DBD471FCCF44E00F11263 /* LaunchScreen.storyboard */; };
		452DBD5B1FCCF56A00F11263 /* nssl0049.jpg in Resources */ = {isa = PBXBuildFile; fileRef = 452DBD511FCCF56A00F11263 /* nssl0049.jpg */; };
		452DBD5C1FCCF56A00F11263 /* nssl0046.jpg in Resources */ = {isa = PBXBuildFile; fileRef = 452DBD521FCCF56A00F11263 /* nssl0046.jpg */; };
		452DBD5D1FCCF56A00F11263 /* nssl0091.jpg in Resources */ = {isa = PBXBuildFile; fileRef = 452DBD531FCCF56A00F11263 /* nssl0091.jpg */; };
		452DBD5E1FCCF56A00F11263 /* nssl0045.jpg in Resources */ = {isa = PBXBuildFile; fileRef = 452DBD541FCCF56A00F11263 /* nssl0045.jpg */; };
		452DBD5F1FCCF56A00F11263 /* nssl0051.jpg in Resources */ = {isa = PBXBuildFile; fileRef = 452DBD551FCCF56A00F11263 /* nssl0051.jpg */; };
		452DBD601FCCF56A00F11263 /* nssl0041.jpg in Resources */ = {isa = PBXBuildFile; fileRef = 452DBD561FCCF56A00F11263 /* nssl0041.jpg */; };
		452DBD611FCCF56A00F11263 /* nssl0042.jpg in Resources */ = {isa = PBXBuildFile; fileRef = 452DBD571FCCF56A00F11263 /* nssl0042.jpg */; };
		452DBD621FCCF56A00F11263 /* nssl0043.jpg in Resources */ = {isa = PBXBuildFile; fileRef = 452DBD581FCCF56A00F11263 /* nssl0043.jpg */; };
		452DBD631FCCF56A00F11263 /* nssl0033.jpg in Resources */ = {isa = PBXBuildFile; fileRef = 452DBD591FCCF56A00F11263 /* nssl0033.jpg */; };
		452DBD641FCCF56A00F11263 /* nssl0034.jpg in Resources */ = {isa = PBXBuildFile; fileRef = 452DBD5A1FCCF56A00F11263 /* nssl0034.jpg */; };
		45608C011FCD077F006F4859 /* DetailViewController.swift in Sources */ = {isa = PBXBuildFile; fileRef = 45608BFF1FCD077F006F4859 /* DetailViewController.swift */; };
		45608C021FCD077F006F4859 /* DetailViewController.xib in Resources */ = {isa = PBXBuildFile; fileRef = 45608C001FCD077F006F4859 /* DetailViewController.xib */; };
/* End PBXBuildFile section */

/* Begin PBXFileReference section */
		452DBD3B1FCCF44E00F11263 /* Project1.app */ = {isa = PBXFileReference; explicitFileType = wrapper.application; includeInIndex = 0; path = Project1.app; sourceTree = BUILT_PRODUCTS_DIR; };
		452DBD3E1FCCF44E00F11263 /* AppDelegate.swift */ = {isa = PBXFileReference; lastKnownFileType = sourcecode.swift; path = AppDelegate.swift; sourceTree = "<group>"; };
		452DBD401FCCF44E00F11263 /* ViewController.swift */ = {isa = PBXFileReference; lastKnownFileType = sourcecode.swift; path = ViewController.swift; sourceTree = "<group>"; };
		452DBD431FCCF44E00F11263 /* Base */ = {isa = PBXFileReference; lastKnownFileType = file.storyboard; name = Base; path = Base.lproj/Main.storyboard; sourceTree = "<group>"; };
		452DBD451FCCF44E00F11263 /* Assets.xcassets */ = {isa = PBXFileReference; lastKnownFileType = folder.assetcatalog; path = Assets.xcassets; sourceTree = "<group>"; };
		452DBD481FCCF44E00F11263 /* Base */ = {isa = PBXFileReference; lastKnownFileType = file.storyboard; name = Base; path = Base.lproj/LaunchScreen.storyboard; sourceTree = "<group>"; };
		452DBD4A1FCCF44E00F11263 /* Info.plist */ = {isa = PBXFileReference; lastKnownFileType = text.plist.xml; path = Info.plist; sourceTree = "<group>"; };
		452DBD511FCCF56A00F11263 /* nssl0049.jpg */ = {isa = PBXFileReference; lastKnownFileType = image.jpeg; path = nssl0049.jpg; sourceTree = "<group>"; };
		452DBD521FCCF56A00F11263 /* nssl0046.jpg */ = {isa = PBXFileReference; lastKnownFileType = image.jpeg; path = nssl0046.jpg; sourceTree = "<group>"; };
		452DBD531FCCF56A00F11263 /* nssl0091.jpg */ = {isa = PBXFileReference; lastKnownFileType = image.jpeg; path = nssl0091.jpg; sourceTree = "<group>"; };
		452DBD541FCCF56A00F11263 /* nssl0045.jpg */ = {isa = PBXFileReference; lastKnownFileType = image.jpeg; path = nssl0045.jpg; sourceTree = "<group>"; };
		452DBD551FCCF56A00F11263 /* nssl0051.jpg */ = {isa = PBXFileReference; lastKnownFileType = image.jpeg; path = nssl0051.jpg; sourceTree = "<group>"; };
		452DBD561FCCF56A00F11263 /* nssl0041.jpg */ = {isa = PBXFileReference; lastKnownFileType = image.jpeg; path = nssl0041.jpg; sourceTree = "<group>"; };
		452DBD571FCCF56A00F11263 /* nssl0042.jpg */ = {isa = PBXFileReference; lastKnownFileType = image.jpeg; path = nssl0042.jpg; sourceTree = "<group>"; };
		452DBD581FCCF56A00F11263 /* nssl0043.jpg */ = {isa = PBXFileReference; lastKnownFileType = image.jpeg; path = nssl0043.jpg; sourceTree = "<group>"; };
		452DBD591FCCF56A00F11263 /* nssl0033.jpg */ = {isa = PBXFileReference; lastKnownFileType = image.jpeg; path = nssl0033.jpg; sourceTree = "<group>"; };
		452DBD5A1FCCF56A00F11263 /* nssl0034.jpg */ = {isa = PBXFileReference; lastKnownFileType = image.jpeg; path = nssl0034.jpg; sourceTree = "<group>"; };
		45608BFF1FCD077F006F4859 /* DetailViewController.swift */ = {isa = PBXFileReference; lastKnownFileType = sourcecode.swift; path = DetailViewController.swift; sourceTree = "<group>"; };
		45608C001FCD077F006F4859 /* DetailViewController.xib */ = {isa = PBXFileReference; lastKnownFileType = file.xib; path = DetailViewController.xib; sourceTree = "<group>"; };
/* End PBXFileReference section */

/* Begin PBXFrameworksBuildPhase section */
		452DBD381FCCF44E00F11263 /* Frameworks */ = {
			isa = PBXFrameworksBuildPhase;
			buildActionMask = 2147483647;
			files = (
			);
			runOnlyForDeploymentPostprocessing = 0;
		};
/* End PBXFrameworksBuildPhase section */

/* Begin PBXGroup section */
		452DBD321FCCF44E00F11263 = {
			isa = PBXGroup;
			children = (
				452DBD3D1FCCF44E00F11263 /* Project1 */,
				452DBD3C1FCCF44E00F11263 /* Products */,
			);
			sourceTree = "<group>";
		};
		452DBD3C1FCCF44E00F11263 /* Products */ = {
			isa = PBXGroup;
			children = (
				452DBD3B1FCCF44E00F11263 /* Project1.app */,
			);
			name = Products;
			sourceTree = "<group>";
		};
		452DBD3D1FCCF44E00F11263 /* Project1 */ = {
			isa = PBXGroup;
			children = (
				452DBD3E1FCCF44E00F11263 /* AppDelegate.swift */,
				452DBD401FCCF44E00F11263 /* ViewController.swift */,
				452DBD421FCCF44E00F11263 /* Main.storyboard */,
				45608BFF1FCD077F006F4859 /* DetailViewController.swift */,
				45608C001FCD077F006F4859 /* DetailViewController.xib */,
				452DBD451FCCF44E00F11263 /* Assets.xcassets */,
				452DBD471FCCF44E00F11263 /* LaunchScreen.storyboard */,
				452DBD4A1FCCF44E00F11263 /* Info.plist */,
				452DBD501FCCF56A00F11263 /* Content */,
			);
			path = Project1;
			sourceTree = "<group>";
		};
		452DBD501FCCF56A00F11263 /* Content */ = {
			isa = PBXGroup;
			children = (
				452DBD511FCCF56A00F11263 /* nssl0049.jpg */,
				452DBD521FCCF56A00F11263 /* nssl0046.jpg */,
				452DBD531FCCF56A00F11263 /* nssl0091.jpg */,
				452DBD541FCCF56A00F11263 /* nssl0045.jpg */,
				452DBD551FCCF56A00F11263 /* nssl0051.jpg */,
				452DBD561FCCF56A00F11263 /* nssl0041.jpg */,
				452DBD571FCCF56A00F11263 /* nssl0042.jpg */,
				452DBD581FCCF56A00F11263 /* nssl0043.jpg */,
				452DBD591FCCF56A00F11263 /* nssl0033.jpg */,
				452DBD5A1FCCF56A00F11263 /* nssl0034.jpg */,
			);
			path = Content;
			sourceTree = "<group>";
		};
/* End PBXGroup section */

/* Begin PBXNativeTarget section */
		452DBD3A1FCCF44E00F11263 /* Project1 */ = {
			isa = PBXNativeTarget;
			buildConfigurationList = 452DBD4D1FCCF44E00F11263 /* Build configuration list for PBXNativeTarget "Project1" */;
			buildPhases = (
				452DBD371FCCF44E00F11263 /* Sources */,
				452DBD381FCCF44E00F11263 /* Frameworks */,
				452DBD391FCCF44E00F11263 /* Resources */,
			);
			buildRules = (
			);
			dependencies = (
			);
			name = Project1;
			productName = Project1;
			productReference = 452DBD3B1FCCF44E00F11263 /* Project1.app */;
			productType = "com.apple.product-type.application";
		};
/* End PBXNativeTarget section */

/* Begin PBXProject section */
		452DBD331FCCF44E00F11263 /* Project object */ = {
			isa = PBXProject;
			attributes = {
				LastSwiftUpdateCheck = 0910;
				LastUpgradeCheck = 0910;
				ORGANIZATIONNAME = "Tyler Kowalewski";
				TargetAttributes = {
					452DBD3A1FCCF44E00F11263 = {
						CreatedOnToolsVersion = 9.1;
						ProvisioningStyle = Automatic;
					};
				};
			};
			buildConfigurationList = 452DBD361FCCF44E00F11263 /* Build configuration list for PBXProject "Project1" */;
			compatibilityVersion = "Xcode 8.0";
			developmentRegion = en;
			hasScannedForEncodings = 0;
			knownRegions = (
				en,
				Base,
			);
			mainGroup = 452DBD321FCCF44E00F11263;
			productRefGroup = 452DBD3C1FCCF44E00F11263 /* Products */;
			projectDirPath = "";
			projectRoot = "";
			targets = (
				452DBD3A1FCCF44E00F11263 /* Project1 */,
			);
		};
/* End PBXProject section */

/* Begin PBXResourcesBuildPhase section */
		452DBD391FCCF44E00F11263 /* Resources */ = {
			isa = PBXResourcesBuildPhase;
			buildActionMask = 2147483647;
			files = (
				452DBD5C1FCCF56A00F11263 /* nssl0046.jpg in Resources */,
				452DBD631FCCF56A00F11263 /* nssl0033.jpg in Resources */,
				452DBD5F1FCCF56A00F11263 /* nssl0051.jpg in Resources */,
				452DBD5D1FCCF56A00F11263 /* nssl0091.jpg in Resources */,
				452DBD621FCCF56A00F11263 /* nssl0043.jpg in Resources */,
				452DBD641FCCF56A00F11263 /* nssl0034.jpg in Resources */,
				452DBD5B1FCCF56A00F11263 /* nssl0049.jpg in Resources */,
				452DBD601FCCF56A00F11263 /* nssl0041.jpg in Resources */,
				452DBD611FCCF56A00F11263 /* nssl0042.jpg in Resources */,
				45608C021FCD077F006F4859 /* DetailViewController.xib in Resources */,
				452DBD491FCCF44E00F11263 /* LaunchScreen.storyboard in Resources */,
				452DBD461FCCF44E00F11263 /* Assets.xcassets in Resources */,
				452DBD5E1FCCF56A00F11263 /* nssl0045.jpg in Resources */,
				452DBD441FCCF44E00F11263 /* Main.storyboard in Resources */,
			);
			runOnlyForDeploymentPostprocessing = 0;
		};
/* End PBXResourcesBuildPhase section */

/* Begin PBXSourcesBuildPhase section */
		452DBD371FCCF44E00F11263 /* Sources */ = {
			isa = PBXSourcesBuildPhase;
			buildActionMask = 2147483647;
			files = (
				45608C011FCD077F006F4859 /* DetailViewController.swift in Sources */,
				452DBD411FCCF44E00F11263 /* ViewController.swift in Sources */,
				452DBD3F1FCCF44E00F11263 /* AppDelegate.swift in Sources */,
			);
			runOnlyForDeploymentPostprocessing = 0;
		};
/* End PBXSourcesBuildPhase section */

/* Begin PBXVariantGroup section */
		452DBD421FCCF44E00F11263 /* Main.storyboard */ = {
			isa = PBXVariantGroup;
			children = (
				452DBD431FCCF44E00F11263 /* Base */,
			);
			name = Main.storyboard;
			sourceTree = "<group>";
		};
		452DBD471FCCF44E00F11263 /* LaunchScreen.storyboard */ = {
			isa = PBXVariantGroup;
			children = (
				452DBD481FCCF44E00F11263 /* Base */,
			);
			name = LaunchScreen.storyboard;
			sourceTree = "<group>";
		};
/* End PBXVariantGroup section */

/* Begin XCBuildConfiguration section */
		452DBD4B1FCCF44E00F11263 /* Debug */ = {
			isa = XCBuildConfiguration;
			buildSettings = {
				ALWAYS_SEARCH_USER_PATHS = NO;
				CLANG_ANALYZER_NONNULL = YES;
				CLANG_ANALYZER_NUMBER_OBJECT_CONVERSION = YES_AGGRESSIVE;
				CLANG_CXX_LANGUAGE_STANDARD = "gnu++14";
				CLANG_CXX_LIBRARY = "libc++";
				CLANG_ENABLE_MODULES = YES;
				CLANG_ENABLE_OBJC_ARC = YES;
				CLANG_WARN_BLOCK_CAPTURE_AUTORELEASING = YES;
				CLANG_WARN_BOOL_CONVERSION = YES;
				CLANG_WARN_COMMA = YES;
				CLANG_WARN_CONSTANT_CONVERSION = YES;
				CLANG_WARN_DIRECT_OBJC_ISA_USAGE = YES_ERROR;
				CLANG_WARN_DOCUMENTATION_COMMENTS = YES;
				CLANG_WARN_EMPTY_BODY = YES;
				CLANG_WARN_ENUM_CONVERSION = YES;
				CLANG_WARN_INFINITE_RECURSION = YES;
				CLANG_WARN_INT_CONVERSION = YES;
				CLANG_WARN_NON_LITERAL_NULL_CONVERSION = YES;
				CLANG_WARN_OBJC_LITERAL_CONVERSION = YES;
				CLANG_WARN_OBJC_ROOT_CLASS = YES_ERROR;
				CLANG_WARN_RANGE_LOOP_ANALYSIS = YES;
				CLANG_WARN_STRICT_PROTOTYPES = YES;
				CLANG_WARN_SUSPICIOUS_MOVE = YES;
				CLANG_WARN_UNGUARDED_AVAILABILITY = YES_AGGRESSIVE;
				CLANG_WARN_UNREACHABLE_CODE = YES;
				CLANG_WARN__DUPLICATE_METHOD_MATCH = YES;
				CODE_SIGN_IDENTITY = "iPhone Developer";
				COPY_PHASE_STRIP = NO;
				DEBUG_INFORMATION_FORMAT = dwarf;
				ENABLE_STRICT_OBJC_MSGSEND = YES;
				ENABLE_TESTABILITY = YES;
				GCC_C_LANGUAGE_STANDARD = gnu11;
				GCC_DYNAMIC_NO_PIC = NO;
				GCC_NO_COMMON_BLOCKS = YES;
				GCC_OPTIMIZATION_LEVEL = 0;
				GCC_PREPROCESSOR_DEFINITIONS = (
					"DEBUG=1",
					"$(inherited)",
				);
				GCC_WARN_64_TO_32_BIT_CONVERSION = YES;
				GCC_WARN_ABOUT_RETURN_TYPE = YES_ERROR;
				GCC_WARN_UNDECLARED_SELECTOR = YES;
				GCC_WARN_UNINITIALIZED_AUTOS = YES_AGGRESSIVE;
				GCC_WARN_UNUSED_FUNCTION = YES;
				GCC_WARN_UNUSED_VARIABLE = YES;
				IPHONEOS_DEPLOYMENT_TARGET = 11.1;
				MTL_ENABLE_DEBUG_INFO = YES;
				ONLY_ACTIVE_ARCH = YES;
				SDKROOT = iphoneos;
				SWIFT_ACTIVE_COMPILATION_CONDITIONS = DEBUG;
				SWIFT_OPTIMIZATION_LEVEL = "-Onone";
			};
			name = Debug;
		};
		452DBD4C1FCCF44E00F11263 /* Release */ = {
			isa = XCBuildConfiguration;
			buildSettings = {
				ALWAYS_SEARCH_USER_PATHS = NO;
				CLANG_ANALYZER_NONNULL = YES;
				CLANG_ANALYZER_NUMBER_OBJECT_CONVERSION = YES_AGGRESSIVE;
				CLANG_CXX_LANGUAGE_STANDARD = "gnu++14";
				CLANG_CXX_LIBRARY = "libc++";
				CLANG_ENABLE_MODULES = YES;
				CLANG_ENABLE_OBJC_ARC = YES;
				CLANG_WARN_BLOCK_CAPTURE_AUTORELEASING = YES;
				CLANG_WARN_BOOL_CONVERSION = YES;
				CLANG_WARN_COMMA = YES;
				CLANG_WARN_CONSTANT_CONVERSION = YES;
				CLANG_WARN_DIRECT_OBJC_ISA_USAGE = YES_ERROR;
				CLANG_WARN_DOCUMENTATION_COMMENTS = YES;
				CLANG_WARN_EMPTY_BODY = YES;
				CLANG_WARN_ENUM_CONVERSION = YES;
				CLANG_WARN_INFINITE_RECURSION = YES;
				CLANG_WARN_INT_CONVERSION = YES;
				CLANG_WARN_NON_LITERAL_NULL_CONVERSION = YES;
				CLANG_WARN_OBJC_LITERAL_CONVERSION = YES;
				CLANG_WARN_OBJC_ROOT_CLASS = YES_ERROR;
				CLANG_WARN_RANGE_LOOP_ANALYSIS = YES;
				CLANG_WARN_STRICT_PROTOTYPES = YES;
				CLANG_WARN_SUSPICIOUS_MOVE = YES;
				CLANG_WARN_UNGUARDED_AVAILABILITY = YES_AGGRESSIVE;
				CLANG_WARN_UNREACHABLE_CODE = YES;
				CLANG_WARN__DUPLICATE_METHOD_MATCH = YES;
				CODE_SIGN_IDENTITY = "iPhone Developer";
				COPY_PHASE_STRIP = NO;
				DEBUG_INFORMATION_FORMAT = "dwarf-with-dsym";
				ENABLE_NS_ASSERTIONS = NO;
				ENABLE_STRICT_OBJC_MSGSEND = YES;
				GCC_C_LANGUAGE_STANDARD = gnu11;
				GCC_NO_COMMON_BLOCKS = YES;
				GCC_WARN_64_TO_32_BIT_CONVERSION = YES;
				GCC_WARN_ABOUT_RETURN_TYPE = YES_ERROR;
				GCC_WARN_UNDECLARED_SELECTOR = YES;
				GCC_WARN_UNINITIALIZED_AUTOS = YES_AGGRESSIVE;
				GCC_WARN_UNUSED_FUNCTION = YES;
				GCC_WARN_UNUSED_VARIABLE = YES;
				IPHONEOS_DEPLOYMENT_TARGET = 11.1;
				MTL_ENABLE_DEBUG_INFO = NO;
				SDKROOT = iphoneos;
				SWIFT_OPTIMIZATION_LEVEL = "-Owholemodule";
				VALIDATE_PRODUCT = YES;
			};
			name = Release;
		};
		452DBD4E1FCCF44E00F11263 /* Debug */ = {
			isa = XCBuildConfiguration;
			buildSettings = {
				ASSETCATALOG_COMPILER_APPICON_NAME = AppIcon;
				CODE_SIGN_STYLE = Automatic;
				DEVELOPMENT_TEAM = 9P4B4RP67T;
				INFOPLIST_FILE = Project1/Info.plist;
				LD_RUNPATH_SEARCH_PATHS = "$(inherited) @executable_path/Frameworks";
				PRODUCT_BUNDLE_IDENTIFIER = tykowale.Project1;
				PRODUCT_NAME = "$(TARGET_NAME)";
				SWIFT_VERSION = 4.0;
				TARGETED_DEVICE_FAMILY = "1,2";
			};
			name = Debug;
		};
		452DBD4F1FCCF44E00F11263 /* Release */ = {
			isa = XCBuildConfiguration;
			buildSettings = {
				ASSETCATALOG_COMPILER_APPICON_NAME = AppIcon;
				CODE_SIGN_STYLE = Automatic;
				DEVELOPMENT_TEAM = 9P4B4RP67T;
				INFOPLIST_FILE = Project1/Info.plist;
				LD_RUNPATH_SEARCH_PATHS = "$(inherited) @executable_path/Frameworks";
				PRODUCT_BUNDLE_IDENTIFIER = tykowale.Project1;
				PRODUCT_NAME = "$(TARGET_NAME)";
				SWIFT_VERSION = 4.0;
				TARGETED_DEVICE_FAMILY = "1,2";
			};
			name = Release;
		};
/* End XCBuildConfiguration section */

/* Begin XCConfigurationList section */
		452DBD361FCCF44E00F11263 /* Build configuration list for PBXProject "Project1" */ = {
			isa = XCConfigurationList;
			buildConfigurations = (
				452DBD4B1FCCF44E00F11263 /* Debug */,
				452DBD4C1FCCF44E00F11263 /* Release */,
			);
			defaultConfigurationIsVisible = 0;
			defaultConfigurationName = Release;
		};
		452DBD4D1FCCF44E00F11263 /* Build configuration list for PBXNativeTarget "Project1" */ = {
			isa = XCConfigurationList;
			buildConfigurations = (
				452DBD4E1FCCF44E00F11263 /* Debug */,
				452DBD4F1FCCF44E00F11263 /* Release */,
			);
			defaultConfigurationIsVisible = 0;
			defaultConfigurationName = Release;
		};
/* End XCConfigurationList section */
	};
	rootObject = 452DBD331FCCF44E00F11263 /* Project object */;
}
